
Microsoft Visual Studio Solution File, Format Version 12.00
# Visual Studio Version 16
VisualStudioVersion = 16.0.31313.79
MinimumVisualStudioVersion = 10.0.40219.1
Project("{2150E333-8FDC-42A3-9474-1A3956D46DE8}") = "Services", "Services", "{058CB317-807B-4124-9BF8-96EA137BE3E6}"
EndProject
Project("{2150E333-8FDC-42A3-9474-1A3956D46DE8}") = "WebApps", "WebApps", "{1639E9BF-49BB-464D-8C8A-6A5EE3DC91B0}"
EndProject
Project("{2150E333-8FDC-42A3-9474-1A3956D46DE8}") = "Cadastros", "Cadastros", "{0AFEC5A9-A77B-4076-A4D7-D5269BE8523E}"
EndProject
Project("{2150E333-8FDC-42A3-9474-1A3956D46DE8}") = "Catalogo", "Catalogo", "{E49C8F8A-675C-4C52-917A-475FBF6F2DBC}"
EndProject
Project("{2150E333-8FDC-42A3-9474-1A3956D46DE8}") = "Core", "Core", "{AFAEB07E-28C5-47BF-81A4-3A8E77AC15F2}"
EndProject
Project("{2150E333-8FDC-42A3-9474-1A3956D46DE8}") = "Fiscal", "Fiscal", "{2A4C9CB8-4ADE-41FA-BBB3-41A77FA07C84}"
EndProject
Project("{2150E333-8FDC-42A3-9474-1A3956D46DE8}") = "Pagamentos", "Pagamentos", "{3A82E620-E853-49D0-B27A-F1F5C5797011}"
EndProject
Project("{2150E333-8FDC-42A3-9474-1A3956D46DE8}") = "Vendas", "Vendas", "{E44EDD64-F78E-46AC-8D5C-746B6BC50547}"
EndProject
Project("{9A19103F-16F7-4668-BE54-9A1E7A4F7556}") = "NerdStore.Catologo.Domain", "src\NerdStore.Catologo.Domain\NerdStore.Catologo.Domain.csproj", "{E55E684E-E95D-4504-A1B9-EA1FD8FB83BA}"
EndProject
Project("{9A19103F-16F7-4668-BE54-9A1E7A4F7556}") = "NerdStore.Core", "src\NerdStore.Core\NerdStore.Core.csproj", "{8A18F561-3556-4FEC-9E6F-68E5449A9B88}"
EndProject
Project("{2150E333-8FDC-42A3-9474-1A3956D46DE8}") = "tests", "tests", "{C1D80B81-7ED4-414E-AA7B-FEF7C070F03E}"
EndProject
Project("{9A19103F-16F7-4668-BE54-9A1E7A4F7556}") = "NerdStore.Catalogo.Domain.Tests", "tests\NerdStore.Catalogo.Domain.Tests\NerdStore.Catalogo.Domain.Tests.csproj", "{9565741F-77D4-42BA-84C4-9DCFF3546EEC}"
EndProject
Project("{FAE04EC0-301F-11D3-BF4B-00C04F79EFBC}") = "NerdStore.Catalogo.Data", "NerdStore.Catalogo.Data\NerdStore.Catalogo.Data.csproj", "{394BBA8E-BEA3-4E62-980E-C41ECBFBD7D9}"
EndProject
Global
	GlobalSection(SolutionConfigurationPlatforms) = preSolution
		Debug|Any CPU = Debug|Any CPU
		Release|Any CPU = Release|Any CPU
	EndGlobalSection
	GlobalSection(ProjectConfigurationPlatforms) = postSolution
		{E55E684E-E95D-4504-A1B9-EA1FD8FB83BA}.Debug|Any CPU.ActiveCfg = Debug|Any CPU
		{E55E684E-E95D-4504-A1B9-EA1FD8FB83BA}.Debug|Any CPU.Build.0 = Debug|Any CPU
		{E55E684E-E95D-4504-A1B9-EA1FD8FB83BA}.Release|Any CPU.ActiveCfg = Release|Any CPU
		{E55E684E-E95D-4504-A1B9-EA1FD8FB83BA}.Release|Any CPU.Build.0 = Release|Any CPU
		{8A18F561-3556-4FEC-9E6F-68E5449A9B88}.Debug|Any CPU.ActiveCfg = Debug|Any CPU
		{8A18F561-3556-4FEC-9E6F-68E5449A9B88}.Debug|Any CPU.Build.0 = Debug|Any CPU
		{8A18F561-3556-4FEC-9E6F-68E5449A9B88}.Release|Any CPU.ActiveCfg = Release|Any CPU
		{8A18F561-3556-4FEC-9E6F-68E5449A9B88}.Release|Any CPU.Build.0 = Release|Any CPU
		{9565741F-77D4-42BA-84C4-9DCFF3546EEC}.Debug|Any CPU.ActiveCfg = Debug|Any CPU
		{9565741F-77D4-42BA-84C4-9DCFF3546EEC}.Debug|Any CPU.Build.0 = Debug|Any CPU
		{9565741F-77D4-42BA-84C4-9DCFF3546EEC}.Release|Any CPU.ActiveCfg = Release|Any CPU
		{9565741F-77D4-42BA-84C4-9DCFF3546EEC}.Release|Any CPU.Build.0 = Release|Any CPU
		{394BBA8E-BEA3-4E62-980E-C41ECBFBD7D9}.Debug|Any CPU.ActiveCfg = Debug|Any CPU
		{394BBA8E-BEA3-4E62-980E-C41ECBFBD7D9}.Debug|Any CPU.Build.0 = Debug|Any CPU
		{394BBA8E-BEA3-4E62-980E-C41ECBFBD7D9}.Release|Any CPU.ActiveCfg = Release|Any CPU
		{394BBA8E-BEA3-4E62-980E-C41ECBFBD7D9}.Release|Any CPU.Build.0 = Release|Any CPU
	EndGlobalSection
	GlobalSection(SolutionProperties) = preSolution
		HideSolutionNode = FALSE
	EndGlobalSection
	GlobalSection(NestedProjects) = preSolution
		{0AFEC5A9-A77B-4076-A4D7-D5269BE8523E} = {058CB317-807B-4124-9BF8-96EA137BE3E6}
		{E49C8F8A-675C-4C52-917A-475FBF6F2DBC} = {058CB317-807B-4124-9BF8-96EA137BE3E6}
		{AFAEB07E-28C5-47BF-81A4-3A8E77AC15F2} = {058CB317-807B-4124-9BF8-96EA137BE3E6}
		{2A4C9CB8-4ADE-41FA-BBB3-41A77FA07C84} = {058CB317-807B-4124-9BF8-96EA137BE3E6}
		{3A82E620-E853-49D0-B27A-F1F5C5797011} = {058CB317-807B-4124-9BF8-96EA137BE3E6}
		{E44EDD64-F78E-46AC-8D5C-746B6BC50547} = {058CB317-807B-4124-9BF8-96EA137BE3E6}
		{E55E684E-E95D-4504-A1B9-EA1FD8FB83BA} = {E49C8F8A-675C-4C52-917A-475FBF6F2DBC}
		{8A18F561-3556-4FEC-9E6F-68E5449A9B88} = {AFAEB07E-28C5-47BF-81A4-3A8E77AC15F2}
		{C1D80B81-7ED4-414E-AA7B-FEF7C070F03E} = {E49C8F8A-675C-4C52-917A-475FBF6F2DBC}
		{9565741F-77D4-42BA-84C4-9DCFF3546EEC} = {C1D80B81-7ED4-414E-AA7B-FEF7C070F03E}
		{394BBA8E-BEA3-4E62-980E-C41ECBFBD7D9} = {E49C8F8A-675C-4C52-917A-475FBF6F2DBC}
	EndGlobalSection
	GlobalSection(ExtensibilityGlobals) = postSolution
		SolutionGuid = {64A1E0EC-2722-4626-A270-BCD595A5D47E}
	EndGlobalSection
EndGlobal
